
Microsoft Visual Studio Solution File, Format Version 12.00
Project("{FAE04EC0-301F-11D3-BF4B-00C04F79EFBC}") = "Fory.Core", "Fory.Core\Fory.Core.csproj", "{9967C64F-9A18-4359-982A-D0158A5117FC}"
EndProject
Project("{FAE04EC0-301F-11D3-BF4B-00C04F79EFBC}") = "Fory.Core.Tests", "Fory.Core.Tests\Fory.Core.Tests.csproj", "{915E2DEF-1764-47B6-B652-D5B6A0FF0235}"
EndProject
Global
	GlobalSection(SolutionConfigurationPlatforms) = preSolution
		Debug|Any CPU = Debug|Any CPU
		Release|Any CPU = Release|Any CPU
	EndGlobalSection
	GlobalSection(ProjectConfigurationPlatforms) = postSolution
		{9967C64F-9A18-4359-982A-D0158A5117FC}.Debug|Any CPU.ActiveCfg = Debug|Any CPU
		{9967C64F-9A18-4359-982A-D0158A5117FC}.Debug|Any CPU.Build.0 = Debug|Any CPU
		{9967C64F-9A18-4359-982A-D0158A5117FC}.Release|Any CPU.ActiveCfg = Release|Any CPU
		{9967C64F-9A18-4359-982A-D0158A5117FC}.Release|Any CPU.Build.0 = Release|Any CPU
		{915E2DEF-1764-47B6-B652-D5B6A0FF0235}.Debug|Any CPU.ActiveCfg = Debug|Any CPU
		{915E2DEF-1764-47B6-B652-D5B6A0FF0235}.Debug|Any CPU.Build.0 = Debug|Any CPU
		{915E2DEF-1764-47B6-B652-D5B6A0FF0235}.Release|Any CPU.ActiveCfg = Release|Any CPU
		{915E2DEF-1764-47B6-B652-D5B6A0FF0235}.Release|Any CPU.Build.0 = Release|Any CPU
	EndGlobalSection
EndGlobal
